
Microsoft Visual Studio Solution File, Format Version 12.00
# Visual Studio Version 17
VisualStudioVersion = 17.0.31919.166
MinimumVisualStudioVersion = 10.0.40219.1
Project("{FAE04EC0-301F-11D3-BF4B-00C04F79EFBC}") = "Pokemon", "Pokemon\Pokemon.csproj", "{1141866C-D5D4-483C-AFBC-4D4F538BB386}"
EndProject
Global
	GlobalSection(SolutionConfigurationPlatforms) = preSolution
		Debug|Any CPU = Debug|Any CPU
		Release|Any CPU = Release|Any CPU
	EndGlobalSection
	GlobalSection(ProjectConfigurationPlatforms) = postSolution
		{1141866C-D5D4-483C-AFBC-4D4F538BB386}.Debug|Any CPU.ActiveCfg = Debug|Any CPU
		{1141866C-D5D4-483C-AFBC-4D4F538BB386}.Debug|Any CPU.Build.0 = Debug|Any CPU
		{1141866C-D5D4-483C-AFBC-4D4F538BB386}.Release|Any CPU.ActiveCfg = Release|Any CPU
		{1141866C-D5D4-483C-AFBC-4D4F538BB386}.Release|Any CPU.Build.0 = Release|Any CPU
	EndGlobalSection
	GlobalSection(SolutionProperties) = preSolution
		HideSolutionNode = FALSE
	EndGlobalSection
	GlobalSection(ExtensibilityGlobals) = postSolution
		SolutionGuid = {7361956A-290A-45E5-BB8A-81488FB33290}
	EndGlobalSection
EndGlobal
